{
  "lockfileVersion": 1,
  "workspaces": {
    "": {
      "name": "fractal-tic-tac-toe",
      "dependencies": {
        "@rollup/rollup-linux-x64-gnu": "^4.34.6",
        "@tailwindcss/postcss": "^4.0.6",
        "@tailwindcss/vite": "^4.0.6",
        "cors": "^2.8.5",
        "eslint-config-prettier": "^10.0.1",
        "eslint-plugin-prettier": "^5.2.3",
        "express": "^4.21.2",
        "http": "^0.0.1-security",
        "prettier": "^3.5.0",
        "react": "^19.0.0",
        "react-dom": "^19.0.0",
        "socket.io": "^4.8.1",
        "socket.io-client": "^4.8.1",
        "tailwindcss": "^4.0.6",
        "uuid": "^11.0.5",
        "uuidv4": "^6.2.13",
      },
      "devDependencies": {
        "@eslint/js": "^9.19.0",
        "@flydotio/dockerfile": "^0.7.5",
        "@types/react": "^19.0.8",
        "@types/react-dom": "^19.0.3",
        "@vitejs/plugin-react-swc": "^3.5.0",
        "autoprefixer": "^10.4.20",
        "eslint": "^9.19.0",
        "eslint-plugin-react-hooks": "^5.0.0",
        "eslint-plugin-react-refresh": "^0.4.18",
        "globals": "^15.14.0",
        "postcss": "^8.5.2",
        "typescript": "~5.7.2",
        "typescript-eslint": "^8.22.0",
        "vite": "^6.1.0",
      },
    },
  },
  "packages": {
    "@alloc/quick-lru": ["@alloc/quick-lru@5.2.0", "", {}, "sha512-UrcABB+4bUrFABwbluTIBErXwvbsU/V7TZWfmbgJfbkwiBuziS9gxdODUyuiecfdGQ85jglMW6juS3+z5TsKLw=="],

    "@esbuild/darwin-arm64": ["@esbuild/darwin-arm64@0.24.2", "", { "os": "darwin", "cpu": "arm64" }, ""],

    "@eslint-community/eslint-utils": ["@eslint-community/eslint-utils@4.4.1", "", { "dependencies": { "eslint-visitor-keys": "^3.4.3" }, "peerDependencies": { "eslint": "^6.0.0 || ^7.0.0 || >=8.0.0" } }, ""],

    "@eslint-community/regexpp": ["@eslint-community/regexpp@4.12.1", "", {}, ""],

    "@eslint/config-array": ["@eslint/config-array@0.19.2", "", { "dependencies": { "@eslint/object-schema": "^2.1.6", "debug": "^4.3.1", "minimatch": "^3.1.2" } }, ""],

    "@eslint/core": ["@eslint/core@0.11.0", "", { "dependencies": { "@types/json-schema": "^7.0.15" } }, ""],

    "@eslint/eslintrc": ["@eslint/eslintrc@3.2.0", "", { "dependencies": { "ajv": "^6.12.4", "debug": "^4.3.2", "espree": "^10.0.1", "globals": "^14.0.0", "ignore": "^5.2.0", "import-fresh": "^3.2.1", "js-yaml": "^4.1.0", "minimatch": "^3.1.2", "strip-json-comments": "^3.1.1" } }, ""],

    "@eslint/js": ["@eslint/js@9.20.0", "", {}, ""],

    "@eslint/object-schema": ["@eslint/object-schema@2.1.6", "", {}, ""],

    "@eslint/plugin-kit": ["@eslint/plugin-kit@0.2.5", "", { "dependencies": { "@eslint/core": "^0.10.0", "levn": "^0.4.1" } }, ""],

    "@flydotio/dockerfile": ["@flydotio/dockerfile@0.7.5", "", { "dependencies": { "chalk": "^5.4.1", "diff": "^7.0.0", "ejs": "^3.1.10", "shell-quote": "^1.8.2", "yargs": "^17.7.2" }, "bin": { "dockerfile": "index.js" } }, "sha512-BBy6o5JCKIK5UsRSvC8XskQ3he8VEi8siAkUZiFj+coW2VdVeqmleiG+JWkksLkMprJ+0OveHEX2XmN3qKsE6g=="],

    "@humanfs/core": ["@humanfs/core@0.19.1", "", {}, ""],

    "@humanfs/node": ["@humanfs/node@0.16.6", "", { "dependencies": { "@humanfs/core": "^0.19.1", "@humanwhocodes/retry": "^0.3.0" } }, ""],

    "@humanwhocodes/module-importer": ["@humanwhocodes/module-importer@1.0.1", "", {}, ""],

    "@humanwhocodes/retry": ["@humanwhocodes/retry@0.4.1", "", {}, ""],

    "@nodelib/fs.scandir": ["@nodelib/fs.scandir@2.1.5", "", { "dependencies": { "@nodelib/fs.stat": "2.0.5", "run-parallel": "^1.1.9" } }, ""],

    "@nodelib/fs.stat": ["@nodelib/fs.stat@2.0.5", "", {}, ""],

    "@nodelib/fs.walk": ["@nodelib/fs.walk@1.2.8", "", { "dependencies": { "@nodelib/fs.scandir": "2.1.5", "fastq": "^1.6.0" } }, ""],

    "@pkgr/core": ["@pkgr/core@0.1.1", "", {}, ""],

    "@rollup/rollup-darwin-arm64": ["@rollup/rollup-darwin-arm64@4.34.6", "", { "os": "darwin", "cpu": "arm64" }, ""],

    "@rollup/rollup-linux-x64-gnu": ["@rollup/rollup-linux-x64-gnu@4.34.6", "", { "os": "linux", "cpu": "x64" }, "sha512-Sht4aFvmA4ToHd2vFzwMFaQCiYm2lDFho5rPcvPBT5pCdC+GwHG6CMch4GQfmWTQ1SwRKS0dhDYb54khSrjDWw=="],

    "@socket.io/component-emitter": ["@socket.io/component-emitter@3.1.2", "", {}, ""],

    "@swc/core": ["@swc/core@1.10.15", "", { "dependencies": { "@swc/counter": "^0.1.3", "@swc/types": "^0.1.17" }, "optionalDependencies": { "@swc/core-darwin-arm64": "1.10.15" }, "peerDependencies": { "@swc/helpers": "*" }, "optionalPeers": ["@swc/helpers"] }, ""],

    "@swc/core-darwin-arm64": ["@swc/core-darwin-arm64@1.10.15", "", { "os": "darwin", "cpu": "arm64" }, ""],

    "@swc/counter": ["@swc/counter@0.1.3", "", {}, ""],

    "@swc/types": ["@swc/types@0.1.17", "", { "dependencies": { "@swc/counter": "^0.1.3" } }, ""],

    "@tailwindcss/node": ["@tailwindcss/node@4.0.6", "", { "dependencies": { "enhanced-resolve": "^5.18.0", "jiti": "^2.4.2", "tailwindcss": "4.0.6" } }, ""],

    "@tailwindcss/oxide": ["@tailwindcss/oxide@4.0.6", "", { "optionalDependencies": { "@tailwindcss/oxide-darwin-arm64": "4.0.6" } }, ""],

    "@tailwindcss/oxide-darwin-arm64": ["@tailwindcss/oxide-darwin-arm64@4.0.6", "", { "os": "darwin", "cpu": "arm64" }, ""],

    "@tailwindcss/postcss": ["@tailwindcss/postcss@4.0.6", "", { "dependencies": { "@alloc/quick-lru": "^5.2.0", "@tailwindcss/node": "^4.0.6", "@tailwindcss/oxide": "^4.0.6", "lightningcss": "^1.29.1", "postcss": "^8.4.41", "tailwindcss": "4.0.6" } }, "sha512-noTaGPHjGCXTCc487TWnfAEN0VMjqDAecssWDOsfxV2hFrcZR0AHthX7IdY/0xHTg/EtpmIPdssddlZ5/B7JnQ=="],

    "@tailwindcss/vite": ["@tailwindcss/vite@4.0.6", "", { "dependencies": { "@tailwindcss/node": "^4.0.6", "@tailwindcss/oxide": "^4.0.6", "lightningcss": "^1.29.1", "tailwindcss": "4.0.6" }, "peerDependencies": { "vite": "^5.2.0 || ^6" } }, ""],

    "@types/cors": ["@types/cors@2.8.17", "", { "dependencies": { "@types/node": "*" } }, ""],

    "@types/estree": ["@types/estree@1.0.6", "", {}, ""],

    "@types/json-schema": ["@types/json-schema@7.0.15", "", {}, ""],

    "@types/node": ["@types/node@22.13.1", "", { "dependencies": { "undici-types": "~6.20.0" } }, ""],

    "@types/react": ["@types/react@19.0.8", "", { "dependencies": { "csstype": "^3.0.2" } }, ""],

    "@types/react-dom": ["@types/react-dom@19.0.3", "", { "peerDependencies": { "@types/react": "^19.0.0" } }, ""],

    "@types/uuid": ["@types/uuid@8.3.4", "", {}, ""],

    "@typescript-eslint/eslint-plugin": ["@typescript-eslint/eslint-plugin@8.23.0", "", { "dependencies": { "@eslint-community/regexpp": "^4.10.0", "@typescript-eslint/scope-manager": "8.23.0", "@typescript-eslint/type-utils": "8.23.0", "@typescript-eslint/utils": "8.23.0", "@typescript-eslint/visitor-keys": "8.23.0", "graphemer": "^1.4.0", "ignore": "^5.3.1", "natural-compare": "^1.4.0", "ts-api-utils": "^2.0.1" }, "peerDependencies": { "@typescript-eslint/parser": "^8.0.0 || ^8.0.0-alpha.0", "eslint": "^8.57.0 || ^9.0.0", "typescript": ">=4.8.4 <5.8.0" } }, ""],

    "@typescript-eslint/parser": ["@typescript-eslint/parser@8.23.0", "", { "dependencies": { "@typescript-eslint/scope-manager": "8.23.0", "@typescript-eslint/types": "8.23.0", "@typescript-eslint/typescript-estree": "8.23.0", "@typescript-eslint/visitor-keys": "8.23.0", "debug": "^4.3.4" }, "peerDependencies": { "eslint": "^8.57.0 || ^9.0.0", "typescript": ">=4.8.4 <5.8.0" } }, ""],

    "@typescript-eslint/scope-manager": ["@typescript-eslint/scope-manager@8.23.0", "", { "dependencies": { "@typescript-eslint/types": "8.23.0", "@typescript-eslint/visitor-keys": "8.23.0" } }, ""],

    "@typescript-eslint/type-utils": ["@typescript-eslint/type-utils@8.23.0", "", { "dependencies": { "@typescript-eslint/typescript-estree": "8.23.0", "@typescript-eslint/utils": "8.23.0", "debug": "^4.3.4", "ts-api-utils": "^2.0.1" }, "peerDependencies": { "eslint": "^8.57.0 || ^9.0.0", "typescript": ">=4.8.4 <5.8.0" } }, ""],

    "@typescript-eslint/types": ["@typescript-eslint/types@8.23.0", "", {}, ""],

    "@typescript-eslint/typescript-estree": ["@typescript-eslint/typescript-estree@8.23.0", "", { "dependencies": { "@typescript-eslint/types": "8.23.0", "@typescript-eslint/visitor-keys": "8.23.0", "debug": "^4.3.4", "fast-glob": "^3.3.2", "is-glob": "^4.0.3", "minimatch": "^9.0.4", "semver": "^7.6.0", "ts-api-utils": "^2.0.1" }, "peerDependencies": { "typescript": ">=4.8.4 <5.8.0" } }, ""],

    "@typescript-eslint/utils": ["@typescript-eslint/utils@8.23.0", "", { "dependencies": { "@eslint-community/eslint-utils": "^4.4.0", "@typescript-eslint/scope-manager": "8.23.0", "@typescript-eslint/types": "8.23.0", "@typescript-eslint/typescript-estree": "8.23.0" }, "peerDependencies": { "eslint": "^8.57.0 || ^9.0.0", "typescript": ">=4.8.4 <5.8.0" } }, ""],

    "@typescript-eslint/visitor-keys": ["@typescript-eslint/visitor-keys@8.23.0", "", { "dependencies": { "@typescript-eslint/types": "8.23.0", "eslint-visitor-keys": "^4.2.0" } }, ""],

    "@vitejs/plugin-react-swc": ["@vitejs/plugin-react-swc@3.8.0", "", { "dependencies": { "@swc/core": "^1.10.15" }, "peerDependencies": { "vite": "^4 || ^5 || ^6" } }, ""],

    "accepts": ["accepts@1.3.8", "", { "dependencies": { "mime-types": "~2.1.34", "negotiator": "0.6.3" } }, ""],

    "acorn": ["acorn@8.14.0", "", { "bin": "bin/acorn" }, ""],

    "acorn-jsx": ["acorn-jsx@5.3.2", "", { "peerDependencies": { "acorn": "^6.0.0 || ^7.0.0 || ^8.0.0" } }, ""],

    "ajv": ["ajv@6.12.6", "", { "dependencies": { "fast-deep-equal": "^3.1.1", "fast-json-stable-stringify": "^2.0.0", "json-schema-traverse": "^0.4.1", "uri-js": "^4.2.2" } }, ""],

    "ansi-regex": ["ansi-regex@5.0.1", "", {}, ""],

    "ansi-styles": ["ansi-styles@4.3.0", "", { "dependencies": { "color-convert": "^2.0.1" } }, ""],

    "argparse": ["argparse@2.0.1", "", {}, ""],

    "array-flatten": ["array-flatten@1.1.1", "", {}, ""],

    "async": ["async@3.2.6", "", {}, "sha512-htCUDlxyyCLMgaM3xXg0C0LW2xqfuQ6p05pCEIsXuyQ+a1koYKTuBMzRNwmybfLgvJDMd0r1LTn4+E0Ti6C2AA=="],

    "autoprefixer": ["autoprefixer@10.4.20", "", { "dependencies": { "browserslist": "^4.23.3", "caniuse-lite": "^1.0.30001646", "fraction.js": "^4.3.7", "normalize-range": "^0.1.2", "picocolors": "^1.0.1", "postcss-value-parser": "^4.2.0" }, "peerDependencies": { "postcss": "^8.1.0" }, "bin": { "autoprefixer": "bin/autoprefixer" } }, "sha512-XY25y5xSv/wEoqzDyXXME4AFfkZI0P23z6Fs3YgymDnKJkCGOnkL0iTxCa85UTqaSgfcqyf3UA6+c7wUvx/16g=="],

    "balanced-match": ["balanced-match@1.0.2", "", {}, ""],

    "base64id": ["base64id@2.0.0", "", {}, ""],

    "body-parser": ["body-parser@1.20.3", "", { "dependencies": { "bytes": "3.1.2", "content-type": "~1.0.5", "debug": "2.6.9", "depd": "2.0.0", "destroy": "1.2.0", "http-errors": "2.0.0", "iconv-lite": "0.4.24", "on-finished": "2.4.1", "qs": "6.13.0", "raw-body": "2.5.2", "type-is": "~1.6.18", "unpipe": "1.0.0" } }, ""],

    "brace-expansion": ["brace-expansion@1.1.11", "", { "dependencies": { "balanced-match": "^1.0.0", "concat-map": "0.0.1" } }, ""],

    "braces": ["braces@3.0.3", "", { "dependencies": { "fill-range": "^7.1.1" } }, ""],

    "browserslist": ["browserslist@4.24.4", "", { "dependencies": { "caniuse-lite": "^1.0.30001688", "electron-to-chromium": "^1.5.73", "node-releases": "^2.0.19", "update-browserslist-db": "^1.1.1" }, "bin": { "browserslist": "cli.js" } }, "sha512-KDi1Ny1gSePi1vm0q4oxSF8b4DR44GF4BbmS2YdhPLOEqd8pDviZOGH/GsmRwoWJ2+5Lr085X7naowMwKHDG1A=="],

    "bytes": ["bytes@3.1.2", "", {}, ""],

    "call-bind-apply-helpers": ["call-bind-apply-helpers@1.0.1", "", { "dependencies": { "es-errors": "^1.3.0", "function-bind": "^1.1.2" } }, ""],

    "call-bound": ["call-bound@1.0.3", "", { "dependencies": { "call-bind-apply-helpers": "^1.0.1", "get-intrinsic": "^1.2.6" } }, ""],

    "callsites": ["callsites@3.1.0", "", {}, ""],

    "caniuse-lite": ["caniuse-lite@1.0.30001699", "", {}, "sha512-b+uH5BakXZ9Do9iK+CkDmctUSEqZl+SP056vc5usa0PL+ev5OHw003rZXcnjNDv3L8P5j6rwT6C0BPKSikW08w=="],

    "chalk": ["chalk@5.4.1", "", {}, "sha512-zgVZuo2WcZgfUEmsn6eO3kINexW8RAE4maiQ8QNs8CtpPCSyMiYsULR3HQYkm3w8FIA3SberyMJMSldGsW+U3w=="],

    "cliui": ["cliui@8.0.1", "", { "dependencies": { "string-width": "^4.2.0", "strip-ansi": "^6.0.1", "wrap-ansi": "^7.0.0" } }, ""],

    "color-convert": ["color-convert@2.0.1", "", { "dependencies": { "color-name": "~1.1.4" } }, ""],

    "color-name": ["color-name@1.1.4", "", {}, ""],

    "concat-map": ["concat-map@0.0.1", "", {}, ""],

    "content-disposition": ["content-disposition@0.5.4", "", { "dependencies": { "safe-buffer": "5.2.1" } }, ""],

    "content-type": ["content-type@1.0.5", "", {}, ""],

    "cookie": ["cookie@0.7.1", "", {}, ""],

    "cookie-signature": ["cookie-signature@1.0.6", "", {}, ""],

    "cors": ["cors@2.8.5", "", { "dependencies": { "object-assign": "^4", "vary": "^1" } }, ""],

    "cross-spawn": ["cross-spawn@7.0.6", "", { "dependencies": { "path-key": "^3.1.0", "shebang-command": "^2.0.0", "which": "^2.0.1" } }, ""],

    "csstype": ["csstype@3.1.3", "", {}, ""],

    "debug": ["debug@4.4.0", "", { "dependencies": { "ms": "^2.1.3" } }, ""],

    "deep-is": ["deep-is@0.1.4", "", {}, ""],

    "depd": ["depd@2.0.0", "", {}, ""],

    "destroy": ["destroy@1.2.0", "", {}, ""],

    "detect-libc": ["detect-libc@1.0.3", "", { "bin": "bin/detect-libc.js" }, ""],

    "diff": ["diff@7.0.0", "", {}, "sha512-PJWHUb1RFevKCwaFA9RlG5tCd+FO5iRh9A8HEtkmBH2Li03iJriB6m6JIN4rGz3K3JLawI7/veA1xzRKP6ISBw=="],

    "dunder-proto": ["dunder-proto@1.0.1", "", { "dependencies": { "call-bind-apply-helpers": "^1.0.1", "es-errors": "^1.3.0", "gopd": "^1.2.0" } }, ""],

    "ee-first": ["ee-first@1.1.1", "", {}, ""],

    "ejs": ["ejs@3.1.10", "", { "dependencies": { "jake": "^10.8.5" }, "bin": "bin/cli.js" }, "sha512-UeJmFfOrAQS8OJWPZ4qtgHyWExa088/MtK5UEyoJGFH67cDEXkZSviOiKRCZ4Xij0zxI3JECgYs3oKx+AizQBA=="],

    "electron-to-chromium": ["electron-to-chromium@1.5.98", "", {}, "sha512-bI/LbtRBxU2GzK7KK5xxFd2y9Lf9XguHooPYbcXWy6wUoT8NMnffsvRhPmSeUHLSDKAEtKuTaEtK4Ms15zkIEA=="],

    "emoji-regex": ["emoji-regex@8.0.0", "", {}, ""],

    "encodeurl": ["encodeurl@2.0.0", "", {}, ""],

    "engine.io": ["engine.io@6.6.4", "", { "dependencies": { "@types/cors": "^2.8.12", "@types/node": ">=10.0.0", "accepts": "~1.3.4", "base64id": "2.0.0", "cookie": "~0.7.2", "cors": "~2.8.5", "debug": "~4.3.1", "engine.io-parser": "~5.2.1", "ws": "~8.17.1" } }, ""],

    "engine.io-client": ["engine.io-client@6.6.3", "", { "dependencies": { "@socket.io/component-emitter": "~3.1.0", "debug": "~4.3.1", "engine.io-parser": "~5.2.1", "ws": "~8.17.1", "xmlhttprequest-ssl": "~2.1.1" } }, ""],

    "engine.io-parser": ["engine.io-parser@5.2.3", "", {}, ""],

    "enhanced-resolve": ["enhanced-resolve@5.18.1", "", { "dependencies": { "graceful-fs": "^4.2.4", "tapable": "^2.2.0" } }, ""],

    "es-define-property": ["es-define-property@1.0.1", "", {}, ""],

    "es-errors": ["es-errors@1.3.0", "", {}, ""],

    "es-object-atoms": ["es-object-atoms@1.1.1", "", { "dependencies": { "es-errors": "^1.3.0" } }, ""],

    "esbuild": ["esbuild@0.24.2", "", { "optionalDependencies": { "@esbuild/darwin-arm64": "0.24.2" }, "bin": "bin/esbuild" }, ""],

    "escalade": ["escalade@3.2.0", "", {}, ""],

    "escape-html": ["escape-html@1.0.3", "", {}, ""],

    "escape-string-regexp": ["escape-string-regexp@4.0.0", "", {}, ""],

    "eslint": ["eslint@9.20.0", "", { "dependencies": { "@eslint-community/eslint-utils": "^4.2.0", "@eslint-community/regexpp": "^4.12.1", "@eslint/config-array": "^0.19.0", "@eslint/core": "^0.11.0", "@eslint/eslintrc": "^3.2.0", "@eslint/js": "9.20.0", "@eslint/plugin-kit": "^0.2.5", "@humanfs/node": "^0.16.6", "@humanwhocodes/module-importer": "^1.0.1", "@humanwhocodes/retry": "^0.4.1", "@types/estree": "^1.0.6", "@types/json-schema": "^7.0.15", "ajv": "^6.12.4", "chalk": "^4.0.0", "cross-spawn": "^7.0.6", "debug": "^4.3.2", "escape-string-regexp": "^4.0.0", "eslint-scope": "^8.2.0", "eslint-visitor-keys": "^4.2.0", "espree": "^10.3.0", "esquery": "^1.5.0", "esutils": "^2.0.2", "fast-deep-equal": "^3.1.3", "file-entry-cache": "^8.0.0", "find-up": "^5.0.0", "glob-parent": "^6.0.2", "ignore": "^5.2.0", "imurmurhash": "^0.1.4", "is-glob": "^4.0.0", "json-stable-stringify-without-jsonify": "^1.0.1", "lodash.merge": "^4.6.2", "minimatch": "^3.1.2", "natural-compare": "^1.4.0", "optionator": "^0.9.3" }, "peerDependencies": { "jiti": "*" }, "bin": "bin/eslint.js" }, ""],

    "eslint-config-prettier": ["eslint-config-prettier@10.0.1", "", { "peerDependencies": { "eslint": ">=7.0.0" }, "bin": "build/bin/cli.js" }, ""],

    "eslint-plugin-prettier": ["eslint-plugin-prettier@5.2.3", "", { "dependencies": { "prettier-linter-helpers": "^1.0.0", "synckit": "^0.9.1" }, "peerDependencies": { "@types/eslint": ">=8.0.0", "eslint": ">=8.0.0", "eslint-config-prettier": "*", "prettier": ">=3.0.0" }, "optionalPeers": ["@types/eslint"] }, ""],

    "eslint-plugin-react-hooks": ["eslint-plugin-react-hooks@5.1.0", "", { "peerDependencies": { "eslint": "^3.0.0 || ^4.0.0 || ^5.0.0 || ^6.0.0 || ^7.0.0 || ^8.0.0-0 || ^9.0.0" } }, ""],

    "eslint-plugin-react-refresh": ["eslint-plugin-react-refresh@0.4.19", "", { "peerDependencies": { "eslint": ">=8.40" } }, ""],

    "eslint-scope": ["eslint-scope@8.2.0", "", { "dependencies": { "esrecurse": "^4.3.0", "estraverse": "^5.2.0" } }, ""],

    "eslint-visitor-keys": ["eslint-visitor-keys@4.2.0", "", {}, ""],

    "espree": ["espree@10.3.0", "", { "dependencies": { "acorn": "^8.14.0", "acorn-jsx": "^5.3.2", "eslint-visitor-keys": "^4.2.0" } }, ""],

    "esquery": ["esquery@1.6.0", "", { "dependencies": { "estraverse": "^5.1.0" } }, ""],

    "esrecurse": ["esrecurse@4.3.0", "", { "dependencies": { "estraverse": "^5.2.0" } }, ""],

    "estraverse": ["estraverse@5.3.0", "", {}, ""],

    "esutils": ["esutils@2.0.3", "", {}, ""],

    "etag": ["etag@1.8.1", "", {}, ""],

    "express": ["express@4.21.2", "", { "dependencies": { "accepts": "~1.3.8", "array-flatten": "1.1.1", "body-parser": "1.20.3", "content-disposition": "0.5.4", "content-type": "~1.0.4", "cookie": "0.7.1", "cookie-signature": "1.0.6", "debug": "2.6.9", "depd": "2.0.0", "encodeurl": "~2.0.0", "escape-html": "~1.0.3", "etag": "~1.8.1", "finalhandler": "1.3.1", "fresh": "0.5.2", "http-errors": "2.0.0", "merge-descriptors": "1.0.3", "methods": "~1.1.2", "on-finished": "2.4.1", "parseurl": "~1.3.3", "path-to-regexp": "0.1.12", "proxy-addr": "~2.0.7", "qs": "6.13.0", "range-parser": "~1.2.1", "safe-buffer": "5.2.1", "send": "0.19.0", "serve-static": "1.16.2", "setprototypeof": "1.2.0", "statuses": "2.0.1", "type-is": "~1.6.18", "utils-merge": "1.0.1", "vary": "~1.1.2" } }, ""],

    "fast-deep-equal": ["fast-deep-equal@3.1.3", "", {}, ""],

    "fast-diff": ["fast-diff@1.3.0", "", {}, ""],

    "fast-glob": ["fast-glob@3.3.3", "", { "dependencies": { "@nodelib/fs.stat": "^2.0.2", "@nodelib/fs.walk": "^1.2.3", "glob-parent": "^5.1.2", "merge2": "^1.3.0", "micromatch": "^4.0.8" } }, ""],

    "fast-json-stable-stringify": ["fast-json-stable-stringify@2.1.0", "", {}, ""],

    "fast-levenshtein": ["fast-levenshtein@2.0.6", "", {}, ""],

    "fastq": ["fastq@1.19.0", "", { "dependencies": { "reusify": "^1.0.4" } }, ""],

    "file-entry-cache": ["file-entry-cache@8.0.0", "", { "dependencies": { "flat-cache": "^4.0.0" } }, ""],

    "filelist": ["filelist@1.0.4", "", { "dependencies": { "minimatch": "^5.0.1" } }, "sha512-w1cEuf3S+DrLCQL7ET6kz+gmlJdbq9J7yXCSjK/OZCPA+qEN1WyF4ZAf0YYJa4/shHJra2t/d/r8SV4Ji+x+8Q=="],

    "fill-range": ["fill-range@7.1.1", "", { "dependencies": { "to-regex-range": "^5.0.1" } }, ""],

    "finalhandler": ["finalhandler@1.3.1", "", { "dependencies": { "debug": "2.6.9", "encodeurl": "~2.0.0", "escape-html": "~1.0.3", "on-finished": "2.4.1", "parseurl": "~1.3.3", "statuses": "2.0.1", "unpipe": "~1.0.0" } }, ""],

    "find-up": ["find-up@5.0.0", "", { "dependencies": { "locate-path": "^6.0.0", "path-exists": "^4.0.0" } }, ""],

    "flat-cache": ["flat-cache@4.0.1", "", { "dependencies": { "flatted": "^3.2.9", "keyv": "^4.5.4" } }, ""],

    "flatted": ["flatted@3.3.2", "", {}, ""],

    "forwarded": ["forwarded@0.2.0", "", {}, ""],

    "fraction.js": ["fraction.js@4.3.7", "", {}, "sha512-ZsDfxO51wGAXREY55a7la9LScWpwv9RxIrYABrlvOFBlH/ShPnrtsXeuUIfXKKOVicNxQ+o8JTbJvjS4M89yew=="],

    "fresh": ["fresh@0.5.2", "", {}, ""],

    "fsevents": ["fsevents@2.3.3", "", { "os": "darwin" }, ""],

    "function-bind": ["function-bind@1.1.2", "", {}, ""],

    "get-caller-file": ["get-caller-file@2.0.5", "", {}, ""],

    "get-intrinsic": ["get-intrinsic@1.2.7", "", { "dependencies": { "call-bind-apply-helpers": "^1.0.1", "es-define-property": "^1.0.1", "es-errors": "^1.3.0", "es-object-atoms": "^1.0.0", "function-bind": "^1.1.2", "get-proto": "^1.0.0", "gopd": "^1.2.0", "has-symbols": "^1.1.0", "hasown": "^2.0.2", "math-intrinsics": "^1.1.0" } }, ""],

    "get-proto": ["get-proto@1.0.1", "", { "dependencies": { "dunder-proto": "^1.0.1", "es-object-atoms": "^1.0.0" } }, ""],

    "glob-parent": ["glob-parent@6.0.2", "", { "dependencies": { "is-glob": "^4.0.3" } }, ""],

    "globals": ["globals@15.14.0", "", {}, ""],

    "gopd": ["gopd@1.2.0", "", {}, ""],

    "graceful-fs": ["graceful-fs@4.2.11", "", {}, ""],

    "graphemer": ["graphemer@1.4.0", "", {}, ""],

    "has-flag": ["has-flag@4.0.0", "", {}, ""],

    "has-symbols": ["has-symbols@1.1.0", "", {}, ""],

    "hasown": ["hasown@2.0.2", "", { "dependencies": { "function-bind": "^1.1.2" } }, ""],

    "http": ["http@0.0.1-security", "", {}, ""],

    "http-errors": ["http-errors@2.0.0", "", { "dependencies": { "depd": "2.0.0", "inherits": "2.0.4", "setprototypeof": "1.2.0", "statuses": "2.0.1", "toidentifier": "1.0.1" } }, ""],

    "iconv-lite": ["iconv-lite@0.4.24", "", { "dependencies": { "safer-buffer": ">= 2.1.2 < 3" } }, ""],

    "ignore": ["ignore@5.3.2", "", {}, ""],

    "import-fresh": ["import-fresh@3.3.1", "", { "dependencies": { "parent-module": "^1.0.0", "resolve-from": "^4.0.0" } }, ""],

    "imurmurhash": ["imurmurhash@0.1.4", "", {}, ""],

    "inherits": ["inherits@2.0.4", "", {}, ""],

    "ipaddr.js": ["ipaddr.js@1.9.1", "", {}, ""],

    "is-extglob": ["is-extglob@2.1.1", "", {}, ""],

    "is-fullwidth-code-point": ["is-fullwidth-code-point@3.0.0", "", {}, ""],

    "is-glob": ["is-glob@4.0.3", "", { "dependencies": { "is-extglob": "^2.1.1" } }, ""],

    "is-number": ["is-number@7.0.0", "", {}, ""],

    "isexe": ["isexe@2.0.0", "", {}, ""],

    "jake": ["jake@10.9.2", "", { "dependencies": { "async": "^3.2.3", "chalk": "^4.0.2", "filelist": "^1.0.4", "minimatch": "^3.1.2" }, "bin": "bin/cli.js" }, "sha512-2P4SQ0HrLQ+fw6llpLnOaGAvN2Zu6778SJMrCUwns4fOoG9ayrTiZk3VV8sCPkVZF8ab0zksVpS8FDY5pRCNBA=="],

    "jiti": ["jiti@2.4.2", "", { "bin": "lib/jiti-cli.mjs" }, ""],

    "js-yaml": ["js-yaml@4.1.0", "", { "dependencies": { "argparse": "^2.0.1" }, "bin": "bin/js-yaml.js" }, ""],

    "json-buffer": ["json-buffer@3.0.1", "", {}, ""],

    "json-schema-traverse": ["json-schema-traverse@0.4.1", "", {}, ""],

    "json-stable-stringify-without-jsonify": ["json-stable-stringify-without-jsonify@1.0.1", "", {}, ""],

    "keyv": ["keyv@4.5.4", "", { "dependencies": { "json-buffer": "3.0.1" } }, ""],

    "levn": ["levn@0.4.1", "", { "dependencies": { "prelude-ls": "^1.2.1", "type-check": "~0.4.0" } }, ""],

    "lightningcss": ["lightningcss@1.29.1", "", { "dependencies": { "detect-libc": "^1.0.3" }, "optionalDependencies": { "lightningcss-darwin-arm64": "1.29.1" } }, ""],

    "lightningcss-darwin-arm64": ["lightningcss-darwin-arm64@1.29.1", "", { "os": "darwin", "cpu": "arm64" }, ""],

    "locate-path": ["locate-path@6.0.0", "", { "dependencies": { "p-locate": "^5.0.0" } }, ""],

    "lodash.merge": ["lodash.merge@4.6.2", "", {}, ""],

    "math-intrinsics": ["math-intrinsics@1.1.0", "", {}, ""],

    "media-typer": ["media-typer@0.3.0", "", {}, ""],

    "merge-descriptors": ["merge-descriptors@1.0.3", "", {}, ""],

    "merge2": ["merge2@1.4.1", "", {}, ""],

    "methods": ["methods@1.1.2", "", {}, ""],

    "micromatch": ["micromatch@4.0.8", "", { "dependencies": { "braces": "^3.0.3", "picomatch": "^2.3.1" } }, ""],

    "mime": ["mime@1.6.0", "", { "bin": "cli.js" }, ""],

    "mime-db": ["mime-db@1.52.0", "", {}, ""],

    "mime-types": ["mime-types@2.1.35", "", { "dependencies": { "mime-db": "1.52.0" } }, ""],

    "minimatch": ["minimatch@3.1.2", "", { "dependencies": { "brace-expansion": "^1.1.7" } }, ""],

    "ms": ["ms@2.1.3", "", {}, ""],

    "nanoid": ["nanoid@3.3.8", "", { "bin": "bin/nanoid.cjs" }, ""],

    "natural-compare": ["natural-compare@1.4.0", "", {}, ""],

    "negotiator": ["negotiator@0.6.3", "", {}, ""],

    "node-releases": ["node-releases@2.0.19", "", {}, "sha512-xxOWJsBKtzAq7DY0J+DTzuz58K8e7sJbdgwkbMWQe8UYB6ekmsQ45q0M/tJDsGaZmbC+l7n57UV8Hl5tHxO9uw=="],

    "normalize-range": ["normalize-range@0.1.2", "", {}, "sha512-bdok/XvKII3nUpklnV6P2hxtMNrCboOjAcyBuQnWEhO665FwrSNRxU+AqpsyvO6LgGYPspN+lu5CLtw4jPRKNA=="],

    "object-assign": ["object-assign@4.1.1", "", {}, ""],

    "object-inspect": ["object-inspect@1.13.4", "", {}, ""],

    "on-finished": ["on-finished@2.4.1", "", { "dependencies": { "ee-first": "1.1.1" } }, ""],

    "optionator": ["optionator@0.9.4", "", { "dependencies": { "deep-is": "^0.1.3", "fast-levenshtein": "^2.0.6", "levn": "^0.4.1", "prelude-ls": "^1.2.1", "type-check": "^0.4.0", "word-wrap": "^1.2.5" } }, ""],

    "p-limit": ["p-limit@3.1.0", "", { "dependencies": { "yocto-queue": "^0.1.0" } }, ""],

    "p-locate": ["p-locate@5.0.0", "", { "dependencies": { "p-limit": "^3.0.2" } }, ""],

    "parent-module": ["parent-module@1.0.1", "", { "dependencies": { "callsites": "^3.0.0" } }, ""],

    "parseurl": ["parseurl@1.3.3", "", {}, ""],

    "path-exists": ["path-exists@4.0.0", "", {}, ""],

    "path-key": ["path-key@3.1.1", "", {}, ""],

    "path-to-regexp": ["path-to-regexp@0.1.12", "", {}, ""],

    "picocolors": ["picocolors@1.1.1", "", {}, ""],

    "picomatch": ["picomatch@2.3.1", "", {}, ""],

    "postcss": ["postcss@8.5.2", "", { "dependencies": { "nanoid": "^3.3.8", "picocolors": "^1.1.1", "source-map-js": "^1.2.1" } }, "sha512-MjOadfU3Ys9KYoX0AdkBlFEF1Vx37uCCeN4ZHnmwm9FfpbsGWMZeBLMmmpY+6Ocqod7mkdZ0DT31OlbsFrLlkA=="],

    "postcss-value-parser": ["postcss-value-parser@4.2.0", "", {}, "sha512-1NNCs6uurfkVbeXG4S8JFT9t19m45ICnif8zWLd5oPSZ50QnwMfK+H3jv408d4jw/7Bttv5axS5IiHoLaVNHeQ=="],

    "prelude-ls": ["prelude-ls@1.2.1", "", {}, ""],

    "prettier": ["prettier@3.5.0", "", { "bin": "bin/prettier.cjs" }, ""],

    "prettier-linter-helpers": ["prettier-linter-helpers@1.0.0", "", { "dependencies": { "fast-diff": "^1.1.2" } }, ""],

    "proxy-addr": ["proxy-addr@2.0.7", "", { "dependencies": { "forwarded": "0.2.0", "ipaddr.js": "1.9.1" } }, ""],

    "punycode": ["punycode@2.3.1", "", {}, ""],

    "qs": ["qs@6.13.0", "", { "dependencies": { "side-channel": "^1.0.6" } }, ""],

    "queue-microtask": ["queue-microtask@1.2.3", "", {}, ""],

    "range-parser": ["range-parser@1.2.1", "", {}, ""],

    "raw-body": ["raw-body@2.5.2", "", { "dependencies": { "bytes": "3.1.2", "http-errors": "2.0.0", "iconv-lite": "0.4.24", "unpipe": "1.0.0" } }, ""],

    "react": ["react@19.0.0", "", {}, ""],

    "react-dom": ["react-dom@19.0.0", "", { "dependencies": { "scheduler": "^0.25.0" }, "peerDependencies": { "react": "^19.0.0" } }, ""],

    "require-directory": ["require-directory@2.1.1", "", {}, ""],

    "resolve-from": ["resolve-from@4.0.0", "", {}, ""],

    "reusify": ["reusify@1.0.4", "", {}, ""],

    "rollup": ["rollup@4.34.6", "", { "dependencies": { "@types/estree": "1.0.6" }, "optionalDependencies": { "@rollup/rollup-darwin-arm64": "4.34.6", "fsevents": "~2.3.2" }, "bin": "dist/bin/rollup" }, ""],

    "run-parallel": ["run-parallel@1.2.0", "", { "dependencies": { "queue-microtask": "^1.2.2" } }, ""],

    "safe-buffer": ["safe-buffer@5.2.1", "", {}, ""],

    "safer-buffer": ["safer-buffer@2.1.2", "", {}, ""],

    "scheduler": ["scheduler@0.25.0", "", {}, ""],

    "semver": ["semver@7.7.1", "", { "bin": "bin/semver.js" }, ""],

    "send": ["send@0.19.0", "", { "dependencies": { "debug": "2.6.9", "depd": "2.0.0", "destroy": "1.2.0", "encodeurl": "~1.0.2", "escape-html": "~1.0.3", "etag": "~1.8.1", "fresh": "0.5.2", "http-errors": "2.0.0", "mime": "1.6.0", "ms": "2.1.3", "on-finished": "2.4.1", "range-parser": "~1.2.1", "statuses": "2.0.1" } }, ""],

    "serve-static": ["serve-static@1.16.2", "", { "dependencies": { "encodeurl": "~2.0.0", "escape-html": "~1.0.3", "parseurl": "~1.3.3", "send": "0.19.0" } }, ""],

    "setprototypeof": ["setprototypeof@1.2.0", "", {}, ""],

    "shebang-command": ["shebang-command@2.0.0", "", { "dependencies": { "shebang-regex": "^3.0.0" } }, ""],

    "shebang-regex": ["shebang-regex@3.0.0", "", {}, ""],

    "shell-quote": ["shell-quote@1.8.2", "", {}, "sha512-AzqKpGKjrj7EM6rKVQEPpB288oCfnrEIuyoT9cyF4nmGa7V8Zk6f7RRqYisX8X9m+Q7bd632aZW4ky7EhbQztA=="],

    "side-channel": ["side-channel@1.1.0", "", { "dependencies": { "es-errors": "^1.3.0", "object-inspect": "^1.13.3", "side-channel-list": "^1.0.0", "side-channel-map": "^1.0.1", "side-channel-weakmap": "^1.0.2" } }, ""],

    "side-channel-list": ["side-channel-list@1.0.0", "", { "dependencies": { "es-errors": "^1.3.0", "object-inspect": "^1.13.3" } }, ""],

    "side-channel-map": ["side-channel-map@1.0.1", "", { "dependencies": { "call-bound": "^1.0.2", "es-errors": "^1.3.0", "get-intrinsic": "^1.2.5", "object-inspect": "^1.13.3" } }, ""],

    "side-channel-weakmap": ["side-channel-weakmap@1.0.2", "", { "dependencies": { "call-bound": "^1.0.2", "es-errors": "^1.3.0", "get-intrinsic": "^1.2.5", "object-inspect": "^1.13.3", "side-channel-map": "^1.0.1" } }, ""],

    "socket.io": ["socket.io@4.8.1", "", { "dependencies": { "accepts": "~1.3.4", "base64id": "~2.0.0", "cors": "~2.8.5", "debug": "~4.3.2", "engine.io": "~6.6.0", "socket.io-adapter": "~2.5.2", "socket.io-parser": "~4.2.4" } }, ""],

    "socket.io-adapter": ["socket.io-adapter@2.5.5", "", { "dependencies": { "debug": "~4.3.4", "ws": "~8.17.1" } }, ""],

    "socket.io-client": ["socket.io-client@4.8.1", "", { "dependencies": { "@socket.io/component-emitter": "~3.1.0", "debug": "~4.3.2", "engine.io-client": "~6.6.1", "socket.io-parser": "~4.2.4" } }, ""],

    "socket.io-parser": ["socket.io-parser@4.2.4", "", { "dependencies": { "@socket.io/component-emitter": "~3.1.0", "debug": "~4.3.1" } }, ""],

    "source-map-js": ["source-map-js@1.2.1", "", {}, ""],

    "statuses": ["statuses@2.0.1", "", {}, ""],

    "string-width": ["string-width@4.2.3", "", { "dependencies": { "emoji-regex": "^8.0.0", "is-fullwidth-code-point": "^3.0.0", "strip-ansi": "^6.0.1" } }, ""],

    "strip-ansi": ["strip-ansi@6.0.1", "", { "dependencies": { "ansi-regex": "^5.0.1" } }, ""],

    "strip-json-comments": ["strip-json-comments@3.1.1", "", {}, ""],

    "supports-color": ["supports-color@7.2.0", "", { "dependencies": { "has-flag": "^4.0.0" } }, ""],

    "synckit": ["synckit@0.9.2", "", { "dependencies": { "@pkgr/core": "^0.1.0", "tslib": "^2.6.2" } }, ""],

    "tailwindcss": ["tailwindcss@4.0.6", "", {}, ""],

    "tapable": ["tapable@2.2.1", "", {}, ""],

    "to-regex-range": ["to-regex-range@5.0.1", "", { "dependencies": { "is-number": "^7.0.0" } }, ""],

    "toidentifier": ["toidentifier@1.0.1", "", {}, ""],

    "ts-api-utils": ["ts-api-utils@2.0.1", "", { "peerDependencies": { "typescript": ">=4.8.4" } }, ""],

    "tslib": ["tslib@2.8.1", "", {}, ""],

    "type-check": ["type-check@0.4.0", "", { "dependencies": { "prelude-ls": "^1.2.1" } }, ""],

    "type-is": ["type-is@1.6.18", "", { "dependencies": { "media-typer": "0.3.0", "mime-types": "~2.1.24" } }, ""],

    "typescript": ["typescript@5.7.3", "", { "bin": { "tsc": "bin/tsc", "tsserver": "bin/tsserver" } }, ""],

    "typescript-eslint": ["typescript-eslint@8.23.0", "", { "dependencies": { "@typescript-eslint/eslint-plugin": "8.23.0", "@typescript-eslint/parser": "8.23.0", "@typescript-eslint/utils": "8.23.0" }, "peerDependencies": { "eslint": "^8.57.0 || ^9.0.0", "typescript": ">=4.8.4 <5.8.0" } }, ""],

    "undici-types": ["undici-types@6.20.0", "", {}, ""],

    "unpipe": ["unpipe@1.0.0", "", {}, ""],

    "update-browserslist-db": ["update-browserslist-db@1.1.2", "", { "dependencies": { "escalade": "^3.2.0", "picocolors": "^1.1.1" }, "peerDependencies": { "browserslist": ">= 4.21.0" }, "bin": { "update-browserslist-db": "cli.js" } }, "sha512-PPypAm5qvlD7XMZC3BujecnaOxwhrtoFR+Dqkk5Aa/6DssiH0ibKoketaj9w8LP7Bont1rYeoV5plxD7RTEPRg=="],

    "uri-js": ["uri-js@4.4.1", "", { "dependencies": { "punycode": "^2.1.0" } }, ""],

    "utils-merge": ["utils-merge@1.0.1", "", {}, ""],

    "uuid": ["uuid@11.0.5", "", { "bin": "dist/esm/bin/uuid" }, ""],

    "uuidv4": ["uuidv4@6.2.13", "", { "dependencies": { "@types/uuid": "8.3.4", "uuid": "8.3.2" } }, ""],

    "vary": ["vary@1.1.2", "", {}, ""],

    "vite": ["vite@6.1.0", "", { "dependencies": { "esbuild": "^0.24.2", "postcss": "^8.5.1", "rollup": "^4.30.1" }, "optionalDependencies": { "fsevents": "~2.3.3" }, "peerDependencies": { "@types/node": "^18.0.0 || ^20.0.0 || >=22.0.0", "jiti": ">=1.21.0", "less": "*", "lightningcss": "^1.21.0", "sass": "*", "sass-embedded": "*", "stylus": "*", "sugarss": "*", "terser": "^5.16.0", "tsx": "^4.8.1", "yaml": "^2.4.2" }, "optionalPeers": ["less", "sass", "sass-embedded", "stylus", "sugarss", "terser", "tsx", "yaml"], "bin": "bin/vite.js" }, ""],

    "which": ["which@2.0.2", "", { "dependencies": { "isexe": "^2.0.0" }, "bin": { "node-which": "bin/node-which" } }, ""],

    "word-wrap": ["word-wrap@1.2.5", "", {}, ""],

    "wrap-ansi": ["wrap-ansi@7.0.0", "", { "dependencies": { "ansi-styles": "^4.0.0", "string-width": "^4.1.0", "strip-ansi": "^6.0.0" } }, ""],

    "ws": ["ws@8.17.1", "", { "peerDependencies": { "bufferutil": "^4.0.1", "utf-8-validate": ">=5.0.2" }, "optionalPeers": ["bufferutil", "utf-8-validate"] }, ""],

    "xmlhttprequest-ssl": ["xmlhttprequest-ssl@2.1.2", "", {}, ""],

    "y18n": ["y18n@5.0.8", "", {}, ""],

    "yargs": ["yargs@17.7.2", "", { "dependencies": { "cliui": "^8.0.1", "escalade": "^3.1.1", "get-caller-file": "^2.0.5", "require-directory": "^2.1.1", "string-width": "^4.2.3", "y18n": "^5.0.5", "yargs-parser": "^21.1.1" } }, ""],

    "yargs-parser": ["yargs-parser@21.1.1", "", {}, ""],

    "yocto-queue": ["yocto-queue@0.1.0", "", {}, ""],

    "@eslint-community/eslint-utils/eslint-visitor-keys": ["eslint-visitor-keys@3.4.3", "", {}, ""],

    "@eslint/eslintrc/globals": ["globals@14.0.0", "", {}, ""],

    "@eslint/plugin-kit/@eslint/core": ["@eslint/core@0.10.0", "", { "dependencies": { "@types/json-schema": "^7.0.15" } }, ""],

    "@humanfs/node/@humanwhocodes/retry": ["@humanwhocodes/retry@0.3.1", "", {}, ""],

    "@typescript-eslint/typescript-estree/minimatch": ["minimatch@9.0.5", "", { "dependencies": { "brace-expansion": "^2.0.1" } }, ""],

    "body-parser/debug": ["debug@2.6.9", "", { "dependencies": { "ms": "2.0.0" } }, ""],

    "engine.io/cookie": ["cookie@0.7.2", "", {}, ""],

    "engine.io/debug": ["debug@4.3.7", "", { "dependencies": { "ms": "^2.1.3" } }, ""],

    "engine.io-client/debug": ["debug@4.3.7", "", { "dependencies": { "ms": "^2.1.3" } }, ""],

    "eslint/chalk": ["chalk@4.1.2", "", { "dependencies": { "ansi-styles": "^4.1.0", "supports-color": "^7.1.0" } }, ""],

    "express/debug": ["debug@2.6.9", "", { "dependencies": { "ms": "2.0.0" } }, ""],

    "fast-glob/glob-parent": ["glob-parent@5.1.2", "", { "dependencies": { "is-glob": "^4.0.1" } }, ""],

    "filelist/minimatch": ["minimatch@5.1.6", "", { "dependencies": { "brace-expansion": "^2.0.1" } }, "sha512-lKwV/1brpG6mBUFHtb7NUmtABCb2WZZmm2wNiOA5hAb8VdCS4B3dtMWyvcoViccwAW/COERjXLt0zP1zXUN26g=="],

    "finalhandler/debug": ["debug@2.6.9", "", { "dependencies": { "ms": "2.0.0" } }, ""],

    "jake/chalk": ["chalk@4.1.2", "", { "dependencies": { "ansi-styles": "^4.1.0", "supports-color": "^7.1.0" } }, ""],

    "send/debug": ["debug@2.6.9", "", { "dependencies": { "ms": "2.0.0" } }, ""],

    "send/encodeurl": ["encodeurl@1.0.2", "", {}, ""],

    "socket.io/debug": ["debug@4.3.7", "", { "dependencies": { "ms": "^2.1.3" } }, ""],

    "socket.io-adapter/debug": ["debug@4.3.7", "", { "dependencies": { "ms": "^2.1.3" } }, ""],

    "socket.io-client/debug": ["debug@4.3.7", "", { "dependencies": { "ms": "^2.1.3" } }, ""],

    "socket.io-parser/debug": ["debug@4.3.7", "", { "dependencies": { "ms": "^2.1.3" } }, ""],

    "uuidv4/uuid": ["uuid@8.3.2", "", { "bin": "dist/bin/uuid" }, ""],

    "vite/postcss": ["postcss@8.5.1", "", { "dependencies": { "nanoid": "^3.3.8", "picocolors": "^1.1.1", "source-map-js": "^1.2.1" } }, ""],

    "@typescript-eslint/typescript-estree/minimatch/brace-expansion": ["brace-expansion@2.0.1", "", { "dependencies": { "balanced-match": "^1.0.0" } }, ""],

    "body-parser/debug/ms": ["ms@2.0.0", "", {}, ""],

    "express/debug/ms": ["ms@2.0.0", "", {}, ""],

    "filelist/minimatch/brace-expansion": ["brace-expansion@2.0.1", "", { "dependencies": { "balanced-match": "^1.0.0" } }, ""],

    "finalhandler/debug/ms": ["ms@2.0.0", "", {}, ""],

    "send/debug/ms": ["ms@2.0.0", "", {}, ""],
  }
}
